
Microsoft Visual Studio Solution File, Format Version 12.00
# Visual Studio Version 16
VisualStudioVersion = 16.0.30907.101
MinimumVisualStudioVersion = 10.0.40219.1
Project("{FAE04EC0-301F-11D3-BF4B-00C04F79EFBC}") = "WindowsFormsAppConvertor", "WindowsFormsAppConvertor\WindowsFormsAppConvertor.csproj", "{3CFB02AF-7F17-477D-AE3E-88CF534CAEDC}"
EndProject
Global
	GlobalSection(SolutionConfigurationPlatforms) = preSolution
		Debug|Any CPU = Debug|Any CPU
		Release|Any CPU = Release|Any CPU
	EndGlobalSection
	GlobalSection(ProjectConfigurationPlatforms) = postSolution
		{3CFB02AF-7F17-477D-AE3E-88CF534CAEDC}.Debug|Any CPU.ActiveCfg = Debug|Any CPU
		{3CFB02AF-7F17-477D-AE3E-88CF534CAEDC}.Debug|Any CPU.Build.0 = Debug|Any CPU
		{3CFB02AF-7F17-477D-AE3E-88CF534CAEDC}.Release|Any CPU.ActiveCfg = Release|Any CPU
		{3CFB02AF-7F17-477D-AE3E-88CF534CAEDC}.Release|Any CPU.Build.0 = Release|Any CPU
	EndGlobalSection
	GlobalSection(SolutionProperties) = preSolution
		HideSolutionNode = FALSE
	EndGlobalSection
	GlobalSection(ExtensibilityGlobals) = postSolution
		SolutionGuid = {C6FCE203-1C35-4E5F-A1D8-2A2EA886B46C}
	EndGlobalSection
EndGlobal
